
Microsoft Visual Studio Solution File, Format Version 12.00
# Visual Studio Version 16
VisualStudioVersion = 16.0.30114.105
MinimumVisualStudioVersion = 10.0.40219.1
Project("{8BC9CEB8-8B4A-11D0-8D11-00A0C91BC942}") = "2225번 합분해", "2225번 합분해.vcxproj", "{107C52EA-548E-4202-9683-3927AC1D59CC}"
EndProject
Global
	GlobalSection(SolutionConfigurationPlatforms) = preSolution
		Debug|x64 = Debug|x64
		Debug|x86 = Debug|x86
		Release|x64 = Release|x64
		Release|x86 = Release|x86
	EndGlobalSection
	GlobalSection(ProjectConfigurationPlatforms) = postSolution
		{107C52EA-548E-4202-9683-3927AC1D59CC}.Debug|x64.ActiveCfg = Debug|x64
		{107C52EA-548E-4202-9683-3927AC1D59CC}.Debug|x64.Build.0 = Debug|x64
		{107C52EA-548E-4202-9683-3927AC1D59CC}.Debug|x86.ActiveCfg = Debug|Win32
		{107C52EA-548E-4202-9683-3927AC1D59CC}.Debug|x86.Build.0 = Debug|Win32
		{107C52EA-548E-4202-9683-3927AC1D59CC}.Release|x64.ActiveCfg = Release|x64
		{107C52EA-548E-4202-9683-3927AC1D59CC}.Release|x64.Build.0 = Release|x64
		{107C52EA-548E-4202-9683-3927AC1D59CC}.Release|x86.ActiveCfg = Release|Win32
		{107C52EA-548E-4202-9683-3927AC1D59CC}.Release|x86.Build.0 = Release|Win32
	EndGlobalSection
	GlobalSection(SolutionProperties) = preSolution
		HideSolutionNode = FALSE
	EndGlobalSection
	GlobalSection(ExtensibilityGlobals) = postSolution
		SolutionGuid = {1467D8A8-3B30-40A6-B4AB-080B8581E996}
	EndGlobalSection
EndGlobal
